
Microsoft Visual Studio Solution File, Format Version 12.00
Project("{FAE04EC0-301F-11D3-BF4B-00C04F79EFBC}") = "Tadbeer.PL", "Tadbeer.PL\Tadbeer.PL.csproj", "{513630C7-51C6-43AF-94BF-A7613208AAD4}"
EndProject
Project("{FAE04EC0-301F-11D3-BF4B-00C04F79EFBC}") = "Tadbeer.DAL", "Tadbeer.DAL\Tadbeer.DAL.csproj", "{293174C0-F0FD-484F-A0D5-E28A8C50797A}"
EndProject
Project("{FAE04EC0-301F-11D3-BF4B-00C04F79EFBC}") = "Tadbeer.BLL", "Tadbeer.BLL\Tadbeer.BLL.csproj", "{A7600FB7-42E2-48E2-A883-BE8281889541}"
EndProject
Global
	GlobalSection(SolutionConfigurationPlatforms) = preSolution
		Debug|Any CPU = Debug|Any CPU
		Release|Any CPU = Release|Any CPU
	EndGlobalSection
	GlobalSection(ProjectConfigurationPlatforms) = postSolution
		{513630C7-51C6-43AF-94BF-A7613208AAD4}.Debug|Any CPU.ActiveCfg = Debug|Any CPU
		{513630C7-51C6-43AF-94BF-A7613208AAD4}.Debug|Any CPU.Build.0 = Debug|Any CPU
		{513630C7-51C6-43AF-94BF-A7613208AAD4}.Release|Any CPU.ActiveCfg = Release|Any CPU
		{513630C7-51C6-43AF-94BF-A7613208AAD4}.Release|Any CPU.Build.0 = Release|Any CPU
		{293174C0-F0FD-484F-A0D5-E28A8C50797A}.Debug|Any CPU.ActiveCfg = Debug|Any CPU
		{293174C0-F0FD-484F-A0D5-E28A8C50797A}.Debug|Any CPU.Build.0 = Debug|Any CPU
		{293174C0-F0FD-484F-A0D5-E28A8C50797A}.Release|Any CPU.ActiveCfg = Release|Any CPU
		{293174C0-F0FD-484F-A0D5-E28A8C50797A}.Release|Any CPU.Build.0 = Release|Any CPU
		{A7600FB7-42E2-48E2-A883-BE8281889541}.Debug|Any CPU.ActiveCfg = Debug|Any CPU
		{A7600FB7-42E2-48E2-A883-BE8281889541}.Debug|Any CPU.Build.0 = Debug|Any CPU
		{A7600FB7-42E2-48E2-A883-BE8281889541}.Release|Any CPU.ActiveCfg = Release|Any CPU
		{A7600FB7-42E2-48E2-A883-BE8281889541}.Release|Any CPU.Build.0 = Release|Any CPU
	EndGlobalSection
EndGlobal
